Microsoft Visual Studio Solution File, Format Version 11.00
# Visual Studio 2010
Project("{FAE04EC0-301F-11D3-BF4B-00C04F79EFBC}") = "PdfViewerSample", "PdfViewerSample\PdfViewerSample.csproj", "{66359291-C5D5-40D8-86FA-2B5045F13641}"
EndProject
Global
	GlobalSection(SolutionConfigurationPlatforms) = preSolution
		Debug|x86 = Debug|x86
		Release|x86 = Release|x86
	EndGlobalSection
	GlobalSection(ProjectConfigurationPlatforms) = postSolution
		{66359291-C5D5-40D8-86FA-2B5045F13641}.Debug|x86.ActiveCfg = Debug|x86
		{66359291-C5D5-40D8-86FA-2B5045F13641}.Debug|x86.Build.0 = Debug|x86
		{66359291-C5D5-40D8-86FA-2B5045F13641}.Release|x86.ActiveCfg = Release|x86
		{66359291-C5D5-40D8-86FA-2B5045F13641}.Release|x86.Build.0 = Release|x86
	EndGlobalSection
	GlobalSection(SolutionProperties) = preSolution
		HideSolutionNode = FALSE
	EndGlobalSection
EndGlobal
